
Microsoft Visual Studio Solution File, Format Version 12.00
# Visual Studio 15
VisualStudioVersion = 15.0.26430.6
MinimumVisualStudioVersion = 10.0.40219.1
Project("{FAE04EC0-301F-11D3-BF4B-00C04F79EFBC}") = "01-MaxSequenceOfEqualElements", "01-MaxSequenceOfEqualElements\01-MaxSequenceOfEqualElements.csproj", "{BD421EEC-0DD1-438A-B0AA-0EE05AF1EF5F}"
EndProject
Project("{FAE04EC0-301F-11D3-BF4B-00C04F79EFBC}") = "02-ChangeList", "02-ChangeList\02-ChangeList.csproj", "{D6D5C598-CC16-4BAF-BC0A-95C7C1D1C3FA}"
EndProject
Project("{FAE04EC0-301F-11D3-BF4B-00C04F79EFBC}") = "03-SearchForANumber", "03-SearchForANumber\03-SearchForANumber.csproj", "{19DBE6B8-D700-4EAB-8392-111711ABC666}"
EndProject
Project("{FAE04EC0-301F-11D3-BF4B-00C04F79EFBC}") = "04-LongestIncreasingSubsequence", "04-LongestIncreasingSubsequen\04-LongestIncreasingSubsequence.csproj", "{6CE92661-8BAA-45FD-9295-764643CE882D}"
EndProject
Project("{FAE04EC0-301F-11D3-BF4B-00C04F79EFBC}") = "05-ArrayManipulator", "05-ArrayManipulator\05-ArrayManipulator.csproj", "{67E5F4B1-2754-4DF6-8A0C-C1A43BE4C24C}"
EndProject
Project("{FAE04EC0-301F-11D3-BF4B-00C04F79EFBC}") = "06-SumReversedNumbers", "06-SumReversedNumbers\06-SumReversedNumbers.csproj", "{AD0ABFA0-CD82-47CE-AD27-A458474449DD}"
EndProject
Project("{FAE04EC0-301F-11D3-BF4B-00C04F79EFBC}") = "07-BombNumbers", "07-BombNumbers\07-BombNumbers.csproj", "{C08AA64E-AB4E-4A71-B136-98B7FEB34235}"
EndProject
Global
	GlobalSection(SolutionConfigurationPlatforms) = preSolution
		Debug|Any CPU = Debug|Any CPU
		Release|Any CPU = Release|Any CPU
	EndGlobalSection
	GlobalSection(ProjectConfigurationPlatforms) = postSolution
		{BD421EEC-0DD1-438A-B0AA-0EE05AF1EF5F}.Debug|Any CPU.ActiveCfg = Debug|Any CPU
		{BD421EEC-0DD1-438A-B0AA-0EE05AF1EF5F}.Debug|Any CPU.Build.0 = Debug|Any CPU
		{BD421EEC-0DD1-438A-B0AA-0EE05AF1EF5F}.Release|Any CPU.ActiveCfg = Release|Any CPU
		{BD421EEC-0DD1-438A-B0AA-0EE05AF1EF5F}.Release|Any CPU.Build.0 = Release|Any CPU
		{D6D5C598-CC16-4BAF-BC0A-95C7C1D1C3FA}.Debug|Any CPU.ActiveCfg = Debug|Any CPU
		{D6D5C598-CC16-4BAF-BC0A-95C7C1D1C3FA}.Debug|Any CPU.Build.0 = Debug|Any CPU
		{D6D5C598-CC16-4BAF-BC0A-95C7C1D1C3FA}.Release|Any CPU.ActiveCfg = Release|Any CPU
		{D6D5C598-CC16-4BAF-BC0A-95C7C1D1C3FA}.Release|Any CPU.Build.0 = Release|Any CPU
		{19DBE6B8-D700-4EAB-8392-111711ABC666}.Debug|Any CPU.ActiveCfg = Debug|Any CPU
		{19DBE6B8-D700-4EAB-8392-111711ABC666}.Debug|Any CPU.Build.0 = Debug|Any CPU
		{19DBE6B8-D700-4EAB-8392-111711ABC666}.Release|Any CPU.ActiveCfg = Release|Any CPU
		{19DBE6B8-D700-4EAB-8392-111711ABC666}.Release|Any CPU.Build.0 = Release|Any CPU
		{6CE92661-8BAA-45FD-9295-764643CE882D}.Debug|Any CPU.ActiveCfg = Debug|Any CPU
		{6CE92661-8BAA-45FD-9295-764643CE882D}.Debug|Any CPU.Build.0 = Debug|Any CPU
		{6CE92661-8BAA-45FD-9295-764643CE882D}.Release|Any CPU.ActiveCfg = Release|Any CPU
		{6CE92661-8BAA-45FD-9295-764643CE882D}.Release|Any CPU.Build.0 = Release|Any CPU
		{67E5F4B1-2754-4DF6-8A0C-C1A43BE4C24C}.Debug|Any CPU.ActiveCfg = Debug|Any CPU
		{67E5F4B1-2754-4DF6-8A0C-C1A43BE4C24C}.Debug|Any CPU.Build.0 = Debug|Any CPU
		{67E5F4B1-2754-4DF6-8A0C-C1A43BE4C24C}.Release|Any CPU.ActiveCfg = Release|Any CPU
		{67E5F4B1-2754-4DF6-8A0C-C1A43BE4C24C}.Release|Any CPU.Build.0 = Release|Any CPU
		{AD0ABFA0-CD82-47CE-AD27-A458474449DD}.Debug|Any CPU.ActiveCfg = Debug|Any CPU
		{AD0ABFA0-CD82-47CE-AD27-A458474449DD}.Debug|Any CPU.Build.0 = Debug|Any CPU
		{AD0ABFA0-CD82-47CE-AD27-A458474449DD}.Release|Any CPU.ActiveCfg = Release|Any CPU
		{AD0ABFA0-CD82-47CE-AD27-A458474449DD}.Release|Any CPU.Build.0 = Release|Any CPU
		{C08AA64E-AB4E-4A71-B136-98B7FEB34235}.Debug|Any CPU.ActiveCfg = Debug|Any CPU
		{C08AA64E-AB4E-4A71-B136-98B7FEB34235}.Debug|Any CPU.Build.0 = Debug|Any CPU
		{C08AA64E-AB4E-4A71-B136-98B7FEB34235}.Release|Any CPU.ActiveCfg = Release|Any CPU
		{C08AA64E-AB4E-4A71-B136-98B7FEB34235}.Release|Any CPU.Build.0 = Release|Any CPU
	EndGlobalSection
	GlobalSection(SolutionProperties) = preSolution
		HideSolutionNode = FALSE
	EndGlobalSection
EndGlobal
