
Microsoft Visual Studio Solution File, Format Version 12.00
# Visual Studio 15
VisualStudioVersion = 15.0.27004.2006
MinimumVisualStudioVersion = 10.0.40219.1
Project("{FAE04EC0-301F-11D3-BF4B-00C04F79EFBC}") = "01-DangerousFloor", "01-DangerousFloor\01-DangerousFloor.csproj", "{115F15AC-FDF9-45A0-8F8E-379A7290FA09}"
EndProject
Project("{FAE04EC0-301F-11D3-BF4B-00C04F79EFBC}") = "02-CryptoMaster", "02-CryptoMaster\02-CryptoMaster.csproj", "{AFE623E1-8C94-4DAC-B2BD-F024B47D986D}"
EndProject
Project("{FAE04EC0-301F-11D3-BF4B-00C04F79EFBC}") = "03-GreedyTimes", "03-GreedyTimes\03-GreedyTimes.csproj", "{C006CD1D-C6EA-4931-A5BA-3F15E588C8B5}"
EndProject
Project("{FAE04EC0-301F-11D3-BF4B-00C04F79EFBC}") = "04-TreasureMap", "04-TreasureMap\04-TreasureMap.csproj", "{157DE059-B962-470E-A72C-6D98D2C2B328}"
EndProject
Global
	GlobalSection(SolutionConfigurationPlatforms) = preSolution
		Debug|Any CPU = Debug|Any CPU
		Release|Any CPU = Release|Any CPU
	EndGlobalSection
	GlobalSection(ProjectConfigurationPlatforms) = postSolution
		{115F15AC-FDF9-45A0-8F8E-379A7290FA09}.Debug|Any CPU.ActiveCfg = Debug|Any CPU
		{115F15AC-FDF9-45A0-8F8E-379A7290FA09}.Debug|Any CPU.Build.0 = Debug|Any CPU
		{115F15AC-FDF9-45A0-8F8E-379A7290FA09}.Release|Any CPU.ActiveCfg = Release|Any CPU
		{115F15AC-FDF9-45A0-8F8E-379A7290FA09}.Release|Any CPU.Build.0 = Release|Any CPU
		{AFE623E1-8C94-4DAC-B2BD-F024B47D986D}.Debug|Any CPU.ActiveCfg = Debug|Any CPU
		{AFE623E1-8C94-4DAC-B2BD-F024B47D986D}.Debug|Any CPU.Build.0 = Debug|Any CPU
		{AFE623E1-8C94-4DAC-B2BD-F024B47D986D}.Release|Any CPU.ActiveCfg = Release|Any CPU
		{AFE623E1-8C94-4DAC-B2BD-F024B47D986D}.Release|Any CPU.Build.0 = Release|Any CPU
		{C006CD1D-C6EA-4931-A5BA-3F15E588C8B5}.Debug|Any CPU.ActiveCfg = Debug|Any CPU
		{C006CD1D-C6EA-4931-A5BA-3F15E588C8B5}.Debug|Any CPU.Build.0 = Debug|Any CPU
		{C006CD1D-C6EA-4931-A5BA-3F15E588C8B5}.Release|Any CPU.ActiveCfg = Release|Any CPU
		{C006CD1D-C6EA-4931-A5BA-3F15E588C8B5}.Release|Any CPU.Build.0 = Release|Any CPU
		{157DE059-B962-470E-A72C-6D98D2C2B328}.Debug|Any CPU.ActiveCfg = Debug|Any CPU
		{157DE059-B962-470E-A72C-6D98D2C2B328}.Debug|Any CPU.Build.0 = Debug|Any CPU
		{157DE059-B962-470E-A72C-6D98D2C2B328}.Release|Any CPU.ActiveCfg = Release|Any CPU
		{157DE059-B962-470E-A72C-6D98D2C2B328}.Release|Any CPU.Build.0 = Release|Any CPU
	EndGlobalSection
	GlobalSection(SolutionProperties) = preSolution
		HideSolutionNode = FALSE
	EndGlobalSection
	GlobalSection(ExtensibilityGlobals) = postSolution
		SolutionGuid = {C66A1694-E6CE-4DF3-834C-41C20C88008A}
	EndGlobalSection
EndGlobal
