
Microsoft Visual Studio Solution File, Format Version 12.00
# Visual Studio 15
VisualStudioVersion = 15.0.28307.168
MinimumVisualStudioVersion = 10.0.40219.1
Project("{FAE04EC0-301F-11D3-BF4B-00C04F79EFBC}") = "01_Blocks", "01_Blocks\01_Blocks.csproj", "{E1A30749-DA97-41DB-ADEE-469559BCCFB1}"
EndProject
Project("{FAE04EC0-301F-11D3-BF4B-00C04F79EFBC}") = "02_ZigZagMatrix", "02_ZigZagMatrix\02_ZigZagMatrix.csproj", "{EBD9F173-060F-42BF-9C91-D2087A087E18}"
EndProject
Global
	GlobalSection(SolutionConfigurationPlatforms) = preSolution
		Debug|Any CPU = Debug|Any CPU
		Release|Any CPU = Release|Any CPU
	EndGlobalSection
	GlobalSection(ProjectConfigurationPlatforms) = postSolution
		{E1A30749-DA97-41DB-ADEE-469559BCCFB1}.Debug|Any CPU.ActiveCfg = Debug|Any CPU
		{E1A30749-DA97-41DB-ADEE-469559BCCFB1}.Debug|Any CPU.Build.0 = Debug|Any CPU
		{E1A30749-DA97-41DB-ADEE-469559BCCFB1}.Release|Any CPU.ActiveCfg = Release|Any CPU
		{E1A30749-DA97-41DB-ADEE-469559BCCFB1}.Release|Any CPU.Build.0 = Release|Any CPU
		{EBD9F173-060F-42BF-9C91-D2087A087E18}.Debug|Any CPU.ActiveCfg = Debug|Any CPU
		{EBD9F173-060F-42BF-9C91-D2087A087E18}.Debug|Any CPU.Build.0 = Debug|Any CPU
		{EBD9F173-060F-42BF-9C91-D2087A087E18}.Release|Any CPU.ActiveCfg = Release|Any CPU
		{EBD9F173-060F-42BF-9C91-D2087A087E18}.Release|Any CPU.Build.0 = Release|Any CPU
	EndGlobalSection
	GlobalSection(SolutionProperties) = preSolution
		HideSolutionNode = FALSE
	EndGlobalSection
	GlobalSection(ExtensibilityGlobals) = postSolution
		SolutionGuid = {D4EA2D1F-F9E9-451F-B599-6CB337C907B6}
	EndGlobalSection
EndGlobal
