
Microsoft Visual Studio Solution File, Format Version 12.00
# Visual Studio 15
VisualStudioVersion = 15.0.27004.2006
MinimumVisualStudioVersion = 10.0.40219.1
Project("{FAE04EC0-301F-11D3-BF4B-00C04F79EFBC}") = "01-Regeh", "01-Regeh\01-Regeh.csproj", "{5FC0021D-208A-4619-9C0C-4922E0B37DED}"
EndProject
Project("{FAE04EC0-301F-11D3-BF4B-00C04F79EFBC}") = "02-KnightGame", "02-KnightGame\02-KnightGame.csproj", "{C49D3931-8E56-4DC0-B256-B55CA7604030}"
EndProject
Project("{FAE04EC0-301F-11D3-BF4B-00C04F79EFBC}") = "03-NumberWars", "03-NumberWars\03-NumberWars.csproj", "{A980FBB5-5958-485B-AD71-4B86BB5374D7}"
EndProject
Project("{FAE04EC0-301F-11D3-BF4B-00C04F79EFBC}") = "04-Hospital", "04-Hospital\04-Hospital.csproj", "{3C285488-F5A7-4885-BB0D-ADE5AC6856B5}"
EndProject
Global
	GlobalSection(SolutionConfigurationPlatforms) = preSolution
		Debug|Any CPU = Debug|Any CPU
		Release|Any CPU = Release|Any CPU
	EndGlobalSection
	GlobalSection(ProjectConfigurationPlatforms) = postSolution
		{5FC0021D-208A-4619-9C0C-4922E0B37DED}.Debug|Any CPU.ActiveCfg = Debug|Any CPU
		{5FC0021D-208A-4619-9C0C-4922E0B37DED}.Debug|Any CPU.Build.0 = Debug|Any CPU
		{5FC0021D-208A-4619-9C0C-4922E0B37DED}.Release|Any CPU.ActiveCfg = Release|Any CPU
		{5FC0021D-208A-4619-9C0C-4922E0B37DED}.Release|Any CPU.Build.0 = Release|Any CPU
		{C49D3931-8E56-4DC0-B256-B55CA7604030}.Debug|Any CPU.ActiveCfg = Debug|Any CPU
		{C49D3931-8E56-4DC0-B256-B55CA7604030}.Debug|Any CPU.Build.0 = Debug|Any CPU
		{C49D3931-8E56-4DC0-B256-B55CA7604030}.Release|Any CPU.ActiveCfg = Release|Any CPU
		{C49D3931-8E56-4DC0-B256-B55CA7604030}.Release|Any CPU.Build.0 = Release|Any CPU
		{A980FBB5-5958-485B-AD71-4B86BB5374D7}.Debug|Any CPU.ActiveCfg = Debug|Any CPU
		{A980FBB5-5958-485B-AD71-4B86BB5374D7}.Debug|Any CPU.Build.0 = Debug|Any CPU
		{A980FBB5-5958-485B-AD71-4B86BB5374D7}.Release|Any CPU.ActiveCfg = Release|Any CPU
		{A980FBB5-5958-485B-AD71-4B86BB5374D7}.Release|Any CPU.Build.0 = Release|Any CPU
		{3C285488-F5A7-4885-BB0D-ADE5AC6856B5}.Debug|Any CPU.ActiveCfg = Debug|Any CPU
		{3C285488-F5A7-4885-BB0D-ADE5AC6856B5}.Debug|Any CPU.Build.0 = Debug|Any CPU
		{3C285488-F5A7-4885-BB0D-ADE5AC6856B5}.Release|Any CPU.ActiveCfg = Release|Any CPU
		{3C285488-F5A7-4885-BB0D-ADE5AC6856B5}.Release|Any CPU.Build.0 = Release|Any CPU
	EndGlobalSection
	GlobalSection(SolutionProperties) = preSolution
		HideSolutionNode = FALSE
	EndGlobalSection
	GlobalSection(ExtensibilityGlobals) = postSolution
		SolutionGuid = {A6CF451C-7A31-4B6B-B96E-6879FB7A0927}
	EndGlobalSection
EndGlobal
