
Microsoft Visual Studio Solution File, Format Version 12.00
# Visual Studio 15
VisualStudioVersion = 15.0.26430.6
MinimumVisualStudioVersion = 10.0.40219.1
Project("{9A19103F-16F7-4668-BE54-9A1E7A4F7556}") = "01-ArrayStatistics", "01-ArrayStatistics\01-ArrayStatistics.csproj", "{87ACA17F-1866-4235-A2BD-406F1FE7035A}"
EndProject
Project("{FAE04EC0-301F-11D3-BF4B-00C04F79EFBC}") = "02-ManipulateArray", "02-ManipulateArray\02-ManipulateArray.csproj", "{95BD8846-63B7-4AB0-9845-7A8DF1F586C4}"
EndProject
Project("{FAE04EC0-301F-11D3-BF4B-00C04F79EFBC}") = "03-SafeManipulation", "03-SafeManipulation\03-SafeManipulation.csproj", "{05486E78-B332-4975-A7B4-77B522730486}"
EndProject
Project("{FAE04EC0-301F-11D3-BF4B-00C04F79EFBC}") = "04-GrabAndGo", "04-GrabAndGo\04-GrabAndGo.csproj", "{01DD0502-40B0-4DB6-9926-39196DF274FB}"
EndProject
Project("{FAE04EC0-301F-11D3-BF4B-00C04F79EFBC}") = "05-PizzaIngredients", "05-PizzaIngredients\05-PizzaIngredients.csproj", "{63BF16F4-011C-4039-87A3-DC0E2FA5C92B}"
EndProject
Project("{FAE04EC0-301F-11D3-BF4B-00C04F79EFBC}") = "06-Heists", "06-Heists\06-Heists.csproj", "{C3D2C1F4-70D4-458C-A9A4-6FEDBD7C5542}"
EndProject
Project("{FAE04EC0-301F-11D3-BF4B-00C04F79EFBC}") = "07-InventoryMatcher", "07-InventoryMatcher\07-InventoryMatcher.csproj", "{D82458A8-DF28-4E08-A336-ECEEC5C1438A}"
EndProject
Project("{FAE04EC0-301F-11D3-BF4B-00C04F79EFBC}") = "08-UpgradedMatcher", "08-UpgradedMatcher\08-UpgradedMatcher.csproj", "{9190E174-043E-432D-94C7-E1C83F414C51}"
EndProject
Project("{FAE04EC0-301F-11D3-BF4B-00C04F79EFBC}") = "09-JumpAround", "09-JumpAround\09-JumpAround.csproj", "{AA25A135-4D29-4F24-80EB-1276B2EE4677}"
EndProject
Global
	GlobalSection(SolutionConfigurationPlatforms) = preSolution
		Debug|Any CPU = Debug|Any CPU
		Release|Any CPU = Release|Any CPU
	EndGlobalSection
	GlobalSection(ProjectConfigurationPlatforms) = postSolution
		{87ACA17F-1866-4235-A2BD-406F1FE7035A}.Debug|Any CPU.ActiveCfg = Debug|Any CPU
		{87ACA17F-1866-4235-A2BD-406F1FE7035A}.Debug|Any CPU.Build.0 = Debug|Any CPU
		{87ACA17F-1866-4235-A2BD-406F1FE7035A}.Release|Any CPU.ActiveCfg = Release|Any CPU
		{87ACA17F-1866-4235-A2BD-406F1FE7035A}.Release|Any CPU.Build.0 = Release|Any CPU
		{95BD8846-63B7-4AB0-9845-7A8DF1F586C4}.Debug|Any CPU.ActiveCfg = Debug|Any CPU
		{95BD8846-63B7-4AB0-9845-7A8DF1F586C4}.Debug|Any CPU.Build.0 = Debug|Any CPU
		{95BD8846-63B7-4AB0-9845-7A8DF1F586C4}.Release|Any CPU.ActiveCfg = Release|Any CPU
		{95BD8846-63B7-4AB0-9845-7A8DF1F586C4}.Release|Any CPU.Build.0 = Release|Any CPU
		{05486E78-B332-4975-A7B4-77B522730486}.Debug|Any CPU.ActiveCfg = Debug|Any CPU
		{05486E78-B332-4975-A7B4-77B522730486}.Debug|Any CPU.Build.0 = Debug|Any CPU
		{05486E78-B332-4975-A7B4-77B522730486}.Release|Any CPU.ActiveCfg = Release|Any CPU
		{05486E78-B332-4975-A7B4-77B522730486}.Release|Any CPU.Build.0 = Release|Any CPU
		{01DD0502-40B0-4DB6-9926-39196DF274FB}.Debug|Any CPU.ActiveCfg = Debug|Any CPU
		{01DD0502-40B0-4DB6-9926-39196DF274FB}.Debug|Any CPU.Build.0 = Debug|Any CPU
		{01DD0502-40B0-4DB6-9926-39196DF274FB}.Release|Any CPU.ActiveCfg = Release|Any CPU
		{01DD0502-40B0-4DB6-9926-39196DF274FB}.Release|Any CPU.Build.0 = Release|Any CPU
		{63BF16F4-011C-4039-87A3-DC0E2FA5C92B}.Debug|Any CPU.ActiveCfg = Debug|Any CPU
		{63BF16F4-011C-4039-87A3-DC0E2FA5C92B}.Debug|Any CPU.Build.0 = Debug|Any CPU
		{63BF16F4-011C-4039-87A3-DC0E2FA5C92B}.Release|Any CPU.ActiveCfg = Release|Any CPU
		{63BF16F4-011C-4039-87A3-DC0E2FA5C92B}.Release|Any CPU.Build.0 = Release|Any CPU
		{C3D2C1F4-70D4-458C-A9A4-6FEDBD7C5542}.Debug|Any CPU.ActiveCfg = Debug|Any CPU
		{C3D2C1F4-70D4-458C-A9A4-6FEDBD7C5542}.Debug|Any CPU.Build.0 = Debug|Any CPU
		{C3D2C1F4-70D4-458C-A9A4-6FEDBD7C5542}.Release|Any CPU.ActiveCfg = Release|Any CPU
		{C3D2C1F4-70D4-458C-A9A4-6FEDBD7C5542}.Release|Any CPU.Build.0 = Release|Any CPU
		{D82458A8-DF28-4E08-A336-ECEEC5C1438A}.Debug|Any CPU.ActiveCfg = Debug|Any CPU
		{D82458A8-DF28-4E08-A336-ECEEC5C1438A}.Debug|Any CPU.Build.0 = Debug|Any CPU
		{D82458A8-DF28-4E08-A336-ECEEC5C1438A}.Release|Any CPU.ActiveCfg = Release|Any CPU
		{D82458A8-DF28-4E08-A336-ECEEC5C1438A}.Release|Any CPU.Build.0 = Release|Any CPU
		{9190E174-043E-432D-94C7-E1C83F414C51}.Debug|Any CPU.ActiveCfg = Debug|Any CPU
		{9190E174-043E-432D-94C7-E1C83F414C51}.Debug|Any CPU.Build.0 = Debug|Any CPU
		{9190E174-043E-432D-94C7-E1C83F414C51}.Release|Any CPU.ActiveCfg = Release|Any CPU
		{9190E174-043E-432D-94C7-E1C83F414C51}.Release|Any CPU.Build.0 = Release|Any CPU
		{AA25A135-4D29-4F24-80EB-1276B2EE4677}.Debug|Any CPU.ActiveCfg = Debug|Any CPU
		{AA25A135-4D29-4F24-80EB-1276B2EE4677}.Debug|Any CPU.Build.0 = Debug|Any CPU
		{AA25A135-4D29-4F24-80EB-1276B2EE4677}.Release|Any CPU.ActiveCfg = Release|Any CPU
		{AA25A135-4D29-4F24-80EB-1276B2EE4677}.Release|Any CPU.Build.0 = Release|Any CPU
	EndGlobalSection
	GlobalSection(SolutionProperties) = preSolution
		HideSolutionNode = FALSE
	EndGlobalSection
EndGlobal
