
Microsoft Visual Studio Solution File, Format Version 12.00
# Visual Studio 15
VisualStudioVersion = 15.0.28307.168
MinimumVisualStudioVersion = 10.0.40219.1
Project("{FAE04EC0-301F-11D3-BF4B-00C04F79EFBC}") = "01_ConnectingCables", "01_ConnectingCables\01_ConnectingCables.csproj", "{F10B6D37-BDF8-4245-B99A-03AE11315C9A}"
EndProject
Project("{FAE04EC0-301F-11D3-BF4B-00C04F79EFBC}") = "02_MinimumEditDistance", "02_MinimumEditDistance\02_MinimumEditDistance.csproj", "{1632D332-7202-4668-8660-0E2DA6A9CE93}"
EndProject
Project("{FAE04EC0-301F-11D3-BF4B-00C04F79EFBC}") = "03_SymbolMultiplication", "03_SymbolMultiplication\03_SymbolMultiplication.csproj", "{4F4E8D70-EEB7-427F-93DB-FD2D01C22AAA}"
EndProject
Global
	GlobalSection(SolutionConfigurationPlatforms) = preSolution
		Debug|Any CPU = Debug|Any CPU
		Release|Any CPU = Release|Any CPU
	EndGlobalSection
	GlobalSection(ProjectConfigurationPlatforms) = postSolution
		{F10B6D37-BDF8-4245-B99A-03AE11315C9A}.Debug|Any CPU.ActiveCfg = Debug|Any CPU
		{F10B6D37-BDF8-4245-B99A-03AE11315C9A}.Debug|Any CPU.Build.0 = Debug|Any CPU
		{F10B6D37-BDF8-4245-B99A-03AE11315C9A}.Release|Any CPU.ActiveCfg = Release|Any CPU
		{F10B6D37-BDF8-4245-B99A-03AE11315C9A}.Release|Any CPU.Build.0 = Release|Any CPU
		{1632D332-7202-4668-8660-0E2DA6A9CE93}.Debug|Any CPU.ActiveCfg = Debug|Any CPU
		{1632D332-7202-4668-8660-0E2DA6A9CE93}.Debug|Any CPU.Build.0 = Debug|Any CPU
		{1632D332-7202-4668-8660-0E2DA6A9CE93}.Release|Any CPU.ActiveCfg = Release|Any CPU
		{1632D332-7202-4668-8660-0E2DA6A9CE93}.Release|Any CPU.Build.0 = Release|Any CPU
		{4F4E8D70-EEB7-427F-93DB-FD2D01C22AAA}.Debug|Any CPU.ActiveCfg = Debug|Any CPU
		{4F4E8D70-EEB7-427F-93DB-FD2D01C22AAA}.Debug|Any CPU.Build.0 = Debug|Any CPU
		{4F4E8D70-EEB7-427F-93DB-FD2D01C22AAA}.Release|Any CPU.ActiveCfg = Release|Any CPU
		{4F4E8D70-EEB7-427F-93DB-FD2D01C22AAA}.Release|Any CPU.Build.0 = Release|Any CPU
	EndGlobalSection
	GlobalSection(SolutionProperties) = preSolution
		HideSolutionNode = FALSE
	EndGlobalSection
	GlobalSection(ExtensibilityGlobals) = postSolution
		SolutionGuid = {1D939C77-5244-4922-AA3B-43E243B484BC}
	EndGlobalSection
EndGlobal
