
Microsoft Visual Studio Solution File, Format Version 12.00
# Visual Studio 15
VisualStudioVersion = 15.0.28307.168
MinimumVisualStudioVersion = 10.0.40219.1
Project("{FAE04EC0-301F-11D3-BF4B-00C04F79EFBC}") = "01_CountSymbols", "01_CountSymbols\01_CountSymbols.csproj", "{F1D6D384-6C63-48F6-B389-2A60ED825175}"
EndProject
Project("{FAE04EC0-301F-11D3-BF4B-00C04F79EFBC}") = "02_Phonebook", "02_Phonebook\02_Phonebook.csproj", "{7D75E8E4-DA4E-4388-ADDC-F7453047C8B3}"
EndProject
Global
	GlobalSection(SolutionConfigurationPlatforms) = preSolution
		Debug|Any CPU = Debug|Any CPU
		Release|Any CPU = Release|Any CPU
	EndGlobalSection
	GlobalSection(ProjectConfigurationPlatforms) = postSolution
		{F1D6D384-6C63-48F6-B389-2A60ED825175}.Debug|Any CPU.ActiveCfg = Debug|Any CPU
		{F1D6D384-6C63-48F6-B389-2A60ED825175}.Debug|Any CPU.Build.0 = Debug|Any CPU
		{F1D6D384-6C63-48F6-B389-2A60ED825175}.Release|Any CPU.ActiveCfg = Release|Any CPU
		{F1D6D384-6C63-48F6-B389-2A60ED825175}.Release|Any CPU.Build.0 = Release|Any CPU
		{7D75E8E4-DA4E-4388-ADDC-F7453047C8B3}.Debug|Any CPU.ActiveCfg = Debug|Any CPU
		{7D75E8E4-DA4E-4388-ADDC-F7453047C8B3}.Debug|Any CPU.Build.0 = Debug|Any CPU
		{7D75E8E4-DA4E-4388-ADDC-F7453047C8B3}.Release|Any CPU.ActiveCfg = Release|Any CPU
		{7D75E8E4-DA4E-4388-ADDC-F7453047C8B3}.Release|Any CPU.Build.0 = Release|Any CPU
	EndGlobalSection
	GlobalSection(SolutionProperties) = preSolution
		HideSolutionNode = FALSE
	EndGlobalSection
	GlobalSection(ExtensibilityGlobals) = postSolution
		SolutionGuid = {AE0E5E43-F291-4D7C-8FB5-7B40E6D60805}
	EndGlobalSection
EndGlobal
