
Microsoft Visual Studio Solution File, Format Version 12.00
# Visual Studio 15
VisualStudioVersion = 15.0.28307.168
MinimumVisualStudioVersion = 10.0.40219.1
Project("{FAE04EC0-301F-11D3-BF4B-00C04F79EFBC}") = "01_BinomialCoefficients", "01_BinomialCoefficients\01_BinomialCoefficients.csproj", "{CA8C9ACC-042A-49B2-AC61-CB0317EBA335}"
EndProject
Project("{FAE04EC0-301F-11D3-BF4B-00C04F79EFBC}") = "02_LongestZigzagSubsequence", "02_LongestZigzagSubsequence\02_LongestZigzagSubsequence.csproj", "{6B28C084-6D71-46E1-BA18-9CF1F8E97212}"
EndProject
Project("{FAE04EC0-301F-11D3-BF4B-00C04F79EFBC}") = "03_DividingPresents", "03_DividingPresents\03_DividingPresents.csproj", "{9174AD85-DDB1-41F6-AD0D-5787C4B9109A}"
EndProject
Project("{FAE04EC0-301F-11D3-BF4B-00C04F79EFBC}") = "04_SumUnlimitedAmountCoins", "04_SumUnlimitedAmountCoins\04_SumUnlimitedAmountCoins.csproj", "{562B9D76-2B8F-4961-8427-8A40F4BCD06E}"
EndProject
Project("{FAE04EC0-301F-11D3-BF4B-00C04F79EFBC}") = "05_SumLimitedAmountCoins", "05_SumLimitedAmountCoins\05_SumLimitedAmountCoins.csproj", "{E40CD6BB-11AF-4FEF-A0CA-B35E68071C66}"
EndProject
Global
	GlobalSection(SolutionConfigurationPlatforms) = preSolution
		Debug|Any CPU = Debug|Any CPU
		Release|Any CPU = Release|Any CPU
	EndGlobalSection
	GlobalSection(ProjectConfigurationPlatforms) = postSolution
		{CA8C9ACC-042A-49B2-AC61-CB0317EBA335}.Debug|Any CPU.ActiveCfg = Debug|Any CPU
		{CA8C9ACC-042A-49B2-AC61-CB0317EBA335}.Debug|Any CPU.Build.0 = Debug|Any CPU
		{CA8C9ACC-042A-49B2-AC61-CB0317EBA335}.Release|Any CPU.ActiveCfg = Release|Any CPU
		{CA8C9ACC-042A-49B2-AC61-CB0317EBA335}.Release|Any CPU.Build.0 = Release|Any CPU
		{6B28C084-6D71-46E1-BA18-9CF1F8E97212}.Debug|Any CPU.ActiveCfg = Debug|Any CPU
		{6B28C084-6D71-46E1-BA18-9CF1F8E97212}.Debug|Any CPU.Build.0 = Debug|Any CPU
		{6B28C084-6D71-46E1-BA18-9CF1F8E97212}.Release|Any CPU.ActiveCfg = Release|Any CPU
		{6B28C084-6D71-46E1-BA18-9CF1F8E97212}.Release|Any CPU.Build.0 = Release|Any CPU
		{9174AD85-DDB1-41F6-AD0D-5787C4B9109A}.Debug|Any CPU.ActiveCfg = Debug|Any CPU
		{9174AD85-DDB1-41F6-AD0D-5787C4B9109A}.Debug|Any CPU.Build.0 = Debug|Any CPU
		{9174AD85-DDB1-41F6-AD0D-5787C4B9109A}.Release|Any CPU.ActiveCfg = Release|Any CPU
		{9174AD85-DDB1-41F6-AD0D-5787C4B9109A}.Release|Any CPU.Build.0 = Release|Any CPU
		{562B9D76-2B8F-4961-8427-8A40F4BCD06E}.Debug|Any CPU.ActiveCfg = Debug|Any CPU
		{562B9D76-2B8F-4961-8427-8A40F4BCD06E}.Debug|Any CPU.Build.0 = Debug|Any CPU
		{562B9D76-2B8F-4961-8427-8A40F4BCD06E}.Release|Any CPU.ActiveCfg = Release|Any CPU
		{562B9D76-2B8F-4961-8427-8A40F4BCD06E}.Release|Any CPU.Build.0 = Release|Any CPU
		{E40CD6BB-11AF-4FEF-A0CA-B35E68071C66}.Debug|Any CPU.ActiveCfg = Debug|Any CPU
		{E40CD6BB-11AF-4FEF-A0CA-B35E68071C66}.Debug|Any CPU.Build.0 = Debug|Any CPU
		{E40CD6BB-11AF-4FEF-A0CA-B35E68071C66}.Release|Any CPU.ActiveCfg = Release|Any CPU
		{E40CD6BB-11AF-4FEF-A0CA-B35E68071C66}.Release|Any CPU.Build.0 = Release|Any CPU
	EndGlobalSection
	GlobalSection(SolutionProperties) = preSolution
		HideSolutionNode = FALSE
	EndGlobalSection
	GlobalSection(ExtensibilityGlobals) = postSolution
		SolutionGuid = {E4651726-3519-424F-8BB9-1CF9D4E697E4}
	EndGlobalSection
EndGlobal
