
Microsoft Visual Studio Solution File, Format Version 12.00
# Visual Studio 15
VisualStudioVersion = 15.0.27004.2006
MinimumVisualStudioVersion = 10.0.40219.1
Project("{FAE04EC0-301F-11D3-BF4B-00C04F79EFBC}") = "01-StreamProgressInfo", "01-StreamProgressInfo\01-StreamProgressInfo.csproj", "{0C49FB5A-FDB3-4D39-B4B3-F954FD0BBABC}"
EndProject
Project("{FAE04EC0-301F-11D3-BF4B-00C04F79EFBC}") = "02-GraphicEditor", "02-GraphicEditor\02-GraphicEditor.csproj", "{1224A43B-4395-407A-988B-4E689FF93193}"
EndProject
Project("{FAE04EC0-301F-11D3-BF4B-00C04F79EFBC}") = "03-DetailPrinter", "03-DetailPrinter\03-DetailPrinter.csproj", "{C1144A36-4F56-478D-B7E8-E8BE89BA6BC2}"
EndProject
Project("{FAE04EC0-301F-11D3-BF4B-00C04F79EFBC}") = "04-Recharge", "04-Recharge\04-Recharge.csproj", "{0A7AB75C-D409-4400-9BC0-E22160D9F23E}"
EndProject
Global
	GlobalSection(SolutionConfigurationPlatforms) = preSolution
		Debug|Any CPU = Debug|Any CPU
		Release|Any CPU = Release|Any CPU
	EndGlobalSection
	GlobalSection(ProjectConfigurationPlatforms) = postSolution
		{0C49FB5A-FDB3-4D39-B4B3-F954FD0BBABC}.Debug|Any CPU.ActiveCfg = Debug|Any CPU
		{0C49FB5A-FDB3-4D39-B4B3-F954FD0BBABC}.Debug|Any CPU.Build.0 = Debug|Any CPU
		{0C49FB5A-FDB3-4D39-B4B3-F954FD0BBABC}.Release|Any CPU.ActiveCfg = Release|Any CPU
		{0C49FB5A-FDB3-4D39-B4B3-F954FD0BBABC}.Release|Any CPU.Build.0 = Release|Any CPU
		{1224A43B-4395-407A-988B-4E689FF93193}.Debug|Any CPU.ActiveCfg = Debug|Any CPU
		{1224A43B-4395-407A-988B-4E689FF93193}.Debug|Any CPU.Build.0 = Debug|Any CPU
		{1224A43B-4395-407A-988B-4E689FF93193}.Release|Any CPU.ActiveCfg = Release|Any CPU
		{1224A43B-4395-407A-988B-4E689FF93193}.Release|Any CPU.Build.0 = Release|Any CPU
		{C1144A36-4F56-478D-B7E8-E8BE89BA6BC2}.Debug|Any CPU.ActiveCfg = Debug|Any CPU
		{C1144A36-4F56-478D-B7E8-E8BE89BA6BC2}.Debug|Any CPU.Build.0 = Debug|Any CPU
		{C1144A36-4F56-478D-B7E8-E8BE89BA6BC2}.Release|Any CPU.ActiveCfg = Release|Any CPU
		{C1144A36-4F56-478D-B7E8-E8BE89BA6BC2}.Release|Any CPU.Build.0 = Release|Any CPU
		{0A7AB75C-D409-4400-9BC0-E22160D9F23E}.Debug|Any CPU.ActiveCfg = Debug|Any CPU
		{0A7AB75C-D409-4400-9BC0-E22160D9F23E}.Debug|Any CPU.Build.0 = Debug|Any CPU
		{0A7AB75C-D409-4400-9BC0-E22160D9F23E}.Release|Any CPU.ActiveCfg = Release|Any CPU
		{0A7AB75C-D409-4400-9BC0-E22160D9F23E}.Release|Any CPU.Build.0 = Release|Any CPU
	EndGlobalSection
	GlobalSection(SolutionProperties) = preSolution
		HideSolutionNode = FALSE
	EndGlobalSection
	GlobalSection(ExtensibilityGlobals) = postSolution
		SolutionGuid = {E714559B-275F-40C1-8BFA-9DBD2E6EFDD1}
	EndGlobalSection
EndGlobal
