
Microsoft Visual Studio Solution File, Format Version 12.00
# Visual Studio 15
VisualStudioVersion = 15.0.26430.6
MinimumVisualStudioVersion = 10.0.40219.1
Project("{FAE04EC0-301F-11D3-BF4B-00C04F79EFBC}") = "10-number100to200", "10-number100to200\10-number100to200.csproj", "{AF8E9E1F-14A3-48B7-A570-9BDB0CC299FC}"
EndProject
Project("{FAE04EC0-301F-11D3-BF4B-00C04F79EFBC}") = "11-equalWords", "11-equalWords\11-equalWords.csproj", "{2A3A0E4E-2A62-4A80-823B-9B37CE468446}"
EndProject
Project("{FAE04EC0-301F-11D3-BF4B-00C04F79EFBC}") = "12-speedInfo", "12-speedInfo\12-speedInfo.csproj", "{57DD0083-37D7-445F-B885-C33D514954B0}"
EndProject
Project("{FAE04EC0-301F-11D3-BF4B-00C04F79EFBC}") = "13-areaOfFigures", "13-areaOfFigures\13-areaOfFigures.csproj", "{321DFC4E-07F4-4AA4-AB95-C85EBF710DA5}"
EndProject
Project("{FAE04EC0-301F-11D3-BF4B-00C04F79EFBC}") = "14-time+15min", "14-time+15min\14-time+15min.csproj", "{738FC0E0-1966-4C03-A0CD-022C68A99C8F}"
EndProject
Project("{FAE04EC0-301F-11D3-BF4B-00C04F79EFBC}") = "15-3equalNumbers", "15-3equalNumbers\15-3equalNumbers.csproj", "{6D88FD94-1417-4FEE-9884-8B27E352F903}"
EndProject
Project("{FAE04EC0-301F-11D3-BF4B-00C04F79EFBC}") = "16-number0to100toText", "16-number0to100toText\16-number0to100toText.csproj", "{940A9BA4-E40B-4925-A3D4-1830768C074C}"
EndProject
Project("{FAE04EC0-301F-11D3-BF4B-00C04F79EFBC}") = "17-CurrencyConverter2", "17-CurrencyConverter2\17-CurrencyConverter2.csproj", "{0015E856-BF57-4578-861F-74C1439F8E4B}"
EndProject
Project("{FAE04EC0-301F-11D3-BF4B-00C04F79EFBC}") = "18-transportPrice", "18-transportPrice\18-transportPrice.csproj", "{E82AA703-8857-4210-8E94-D5C66D4E5361}"
EndProject
Project("{FAE04EC0-301F-11D3-BF4B-00C04F79EFBC}") = "19-tubesInPool", "19-tubesInPool\19-tubesInPool.csproj", "{474D39C4-568D-4B03-BCD0-1C73CD8C656F}"
EndProject
Project("{FAE04EC0-301F-11D3-BF4B-00C04F79EFBC}") = "20-sleepyCatTom", "20-sleepyCatTom\20-sleepyCatTom.csproj", "{1D3365BE-F9C3-461F-869D-D9D91AD35F56}"
EndProject
Project("{FAE04EC0-301F-11D3-BF4B-00C04F79EFBC}") = "21-harvest", "21-harvest\21-harvest.csproj", "{39B20A45-E951-42F4-BF3D-DAA06F767AEB}"
EndProject
Project("{FAE04EC0-301F-11D3-BF4B-00C04F79EFBC}") = "09-passwordGuess", "09-passwordGuess\09-passwordGuess.csproj", "{0C18010B-4CF9-45F0-BA74-20CB73F91AEA}"
EndProject
Project("{FAE04EC0-301F-11D3-BF4B-00C04F79EFBC}") = "08-metricConverter", "08-metricConverter\08-metricConverter.csproj", "{FF430D53-1F56-4D8C-A559-0D8D5E201487}"
EndProject
Project("{FAE04EC0-301F-11D3-BF4B-00C04F79EFBC}") = "07-sumSeconds", "07-sumSeconds\07-sumSeconds.csproj", "{823C4767-B631-4CD4-863D-129312CE7DD7}"
EndProject
Project("{FAE04EC0-301F-11D3-BF4B-00C04F79EFBC}") = "06-bonusScore", "06-bonusScore\06-bonusScore.csproj", "{C592E9BD-8CAB-46FA-8681-632E34F0BB76}"
EndProject
Project("{FAE04EC0-301F-11D3-BF4B-00C04F79EFBC}") = "05-number0to9toText", "05-number0to9toText\05-number0to9toText.csproj", "{23349F98-0F4A-4696-9C17-298851B5690E}"
EndProject
Project("{FAE04EC0-301F-11D3-BF4B-00C04F79EFBC}") = "04-greatherNumber", "04-greatherNumber\04-greatherNumber.csproj", "{F9F58A04-E588-4749-B23E-34D0B5A1FB08}"
EndProject
Project("{FAE04EC0-301F-11D3-BF4B-00C04F79EFBC}") = "03-evenOrOdd", "03-evenOrOdd\03-evenOrOdd.csproj", "{EA94C32D-D361-48E2-A7E7-656A618B3CB0}"
EndProject
Project("{FAE04EC0-301F-11D3-BF4B-00C04F79EFBC}") = "02-excellentOrNot", "02-excellentOrNot\02-excellentOrNot.csproj", "{F5237B37-D2C3-4621-B21D-4E83D55E0AC6}"
EndProject
Project("{FAE04EC0-301F-11D3-BF4B-00C04F79EFBC}") = "01-excellentResult", "01-excellentResult\01-excellentResult.csproj", "{9FAA8846-221E-488E-8CB7-5924DFD151A6}"
EndProject
Global
	GlobalSection(SolutionConfigurationPlatforms) = preSolution
		Debug|Any CPU = Debug|Any CPU
		Release|Any CPU = Release|Any CPU
	EndGlobalSection
	GlobalSection(ProjectConfigurationPlatforms) = postSolution
		{AF8E9E1F-14A3-48B7-A570-9BDB0CC299FC}.Debug|Any CPU.ActiveCfg = Debug|Any CPU
		{AF8E9E1F-14A3-48B7-A570-9BDB0CC299FC}.Debug|Any CPU.Build.0 = Debug|Any CPU
		{AF8E9E1F-14A3-48B7-A570-9BDB0CC299FC}.Release|Any CPU.ActiveCfg = Release|Any CPU
		{AF8E9E1F-14A3-48B7-A570-9BDB0CC299FC}.Release|Any CPU.Build.0 = Release|Any CPU
		{2A3A0E4E-2A62-4A80-823B-9B37CE468446}.Debug|Any CPU.ActiveCfg = Debug|Any CPU
		{2A3A0E4E-2A62-4A80-823B-9B37CE468446}.Debug|Any CPU.Build.0 = Debug|Any CPU
		{2A3A0E4E-2A62-4A80-823B-9B37CE468446}.Release|Any CPU.ActiveCfg = Release|Any CPU
		{2A3A0E4E-2A62-4A80-823B-9B37CE468446}.Release|Any CPU.Build.0 = Release|Any CPU
		{57DD0083-37D7-445F-B885-C33D514954B0}.Debug|Any CPU.ActiveCfg = Debug|Any CPU
		{57DD0083-37D7-445F-B885-C33D514954B0}.Debug|Any CPU.Build.0 = Debug|Any CPU
		{57DD0083-37D7-445F-B885-C33D514954B0}.Release|Any CPU.ActiveCfg = Release|Any CPU
		{57DD0083-37D7-445F-B885-C33D514954B0}.Release|Any CPU.Build.0 = Release|Any CPU
		{321DFC4E-07F4-4AA4-AB95-C85EBF710DA5}.Debug|Any CPU.ActiveCfg = Debug|Any CPU
		{321DFC4E-07F4-4AA4-AB95-C85EBF710DA5}.Debug|Any CPU.Build.0 = Debug|Any CPU
		{321DFC4E-07F4-4AA4-AB95-C85EBF710DA5}.Release|Any CPU.ActiveCfg = Release|Any CPU
		{321DFC4E-07F4-4AA4-AB95-C85EBF710DA5}.Release|Any CPU.Build.0 = Release|Any CPU
		{738FC0E0-1966-4C03-A0CD-022C68A99C8F}.Debug|Any CPU.ActiveCfg = Debug|Any CPU
		{738FC0E0-1966-4C03-A0CD-022C68A99C8F}.Debug|Any CPU.Build.0 = Debug|Any CPU
		{738FC0E0-1966-4C03-A0CD-022C68A99C8F}.Release|Any CPU.ActiveCfg = Release|Any CPU
		{738FC0E0-1966-4C03-A0CD-022C68A99C8F}.Release|Any CPU.Build.0 = Release|Any CPU
		{6D88FD94-1417-4FEE-9884-8B27E352F903}.Debug|Any CPU.ActiveCfg = Debug|Any CPU
		{6D88FD94-1417-4FEE-9884-8B27E352F903}.Debug|Any CPU.Build.0 = Debug|Any CPU
		{6D88FD94-1417-4FEE-9884-8B27E352F903}.Release|Any CPU.ActiveCfg = Release|Any CPU
		{6D88FD94-1417-4FEE-9884-8B27E352F903}.Release|Any CPU.Build.0 = Release|Any CPU
		{940A9BA4-E40B-4925-A3D4-1830768C074C}.Debug|Any CPU.ActiveCfg = Debug|Any CPU
		{940A9BA4-E40B-4925-A3D4-1830768C074C}.Debug|Any CPU.Build.0 = Debug|Any CPU
		{940A9BA4-E40B-4925-A3D4-1830768C074C}.Release|Any CPU.ActiveCfg = Release|Any CPU
		{940A9BA4-E40B-4925-A3D4-1830768C074C}.Release|Any CPU.Build.0 = Release|Any CPU
		{0015E856-BF57-4578-861F-74C1439F8E4B}.Debug|Any CPU.ActiveCfg = Debug|Any CPU
		{0015E856-BF57-4578-861F-74C1439F8E4B}.Debug|Any CPU.Build.0 = Debug|Any CPU
		{0015E856-BF57-4578-861F-74C1439F8E4B}.Release|Any CPU.ActiveCfg = Release|Any CPU
		{0015E856-BF57-4578-861F-74C1439F8E4B}.Release|Any CPU.Build.0 = Release|Any CPU
		{E82AA703-8857-4210-8E94-D5C66D4E5361}.Debug|Any CPU.ActiveCfg = Debug|Any CPU
		{E82AA703-8857-4210-8E94-D5C66D4E5361}.Debug|Any CPU.Build.0 = Debug|Any CPU
		{E82AA703-8857-4210-8E94-D5C66D4E5361}.Release|Any CPU.ActiveCfg = Release|Any CPU
		{E82AA703-8857-4210-8E94-D5C66D4E5361}.Release|Any CPU.Build.0 = Release|Any CPU
		{474D39C4-568D-4B03-BCD0-1C73CD8C656F}.Debug|Any CPU.ActiveCfg = Debug|Any CPU
		{474D39C4-568D-4B03-BCD0-1C73CD8C656F}.Debug|Any CPU.Build.0 = Debug|Any CPU
		{474D39C4-568D-4B03-BCD0-1C73CD8C656F}.Release|Any CPU.ActiveCfg = Release|Any CPU
		{474D39C4-568D-4B03-BCD0-1C73CD8C656F}.Release|Any CPU.Build.0 = Release|Any CPU
		{1D3365BE-F9C3-461F-869D-D9D91AD35F56}.Debug|Any CPU.ActiveCfg = Debug|Any CPU
		{1D3365BE-F9C3-461F-869D-D9D91AD35F56}.Debug|Any CPU.Build.0 = Debug|Any CPU
		{1D3365BE-F9C3-461F-869D-D9D91AD35F56}.Release|Any CPU.ActiveCfg = Release|Any CPU
		{1D3365BE-F9C3-461F-869D-D9D91AD35F56}.Release|Any CPU.Build.0 = Release|Any CPU
		{39B20A45-E951-42F4-BF3D-DAA06F767AEB}.Debug|Any CPU.ActiveCfg = Debug|Any CPU
		{39B20A45-E951-42F4-BF3D-DAA06F767AEB}.Debug|Any CPU.Build.0 = Debug|Any CPU
		{39B20A45-E951-42F4-BF3D-DAA06F767AEB}.Release|Any CPU.ActiveCfg = Release|Any CPU
		{39B20A45-E951-42F4-BF3D-DAA06F767AEB}.Release|Any CPU.Build.0 = Release|Any CPU
		{0C18010B-4CF9-45F0-BA74-20CB73F91AEA}.Debug|Any CPU.ActiveCfg = Debug|Any CPU
		{0C18010B-4CF9-45F0-BA74-20CB73F91AEA}.Debug|Any CPU.Build.0 = Debug|Any CPU
		{0C18010B-4CF9-45F0-BA74-20CB73F91AEA}.Release|Any CPU.ActiveCfg = Release|Any CPU
		{0C18010B-4CF9-45F0-BA74-20CB73F91AEA}.Release|Any CPU.Build.0 = Release|Any CPU
		{FF430D53-1F56-4D8C-A559-0D8D5E201487}.Debug|Any CPU.ActiveCfg = Debug|Any CPU
		{FF430D53-1F56-4D8C-A559-0D8D5E201487}.Debug|Any CPU.Build.0 = Debug|Any CPU
		{FF430D53-1F56-4D8C-A559-0D8D5E201487}.Release|Any CPU.ActiveCfg = Release|Any CPU
		{FF430D53-1F56-4D8C-A559-0D8D5E201487}.Release|Any CPU.Build.0 = Release|Any CPU
		{823C4767-B631-4CD4-863D-129312CE7DD7}.Debug|Any CPU.ActiveCfg = Debug|Any CPU
		{823C4767-B631-4CD4-863D-129312CE7DD7}.Debug|Any CPU.Build.0 = Debug|Any CPU
		{823C4767-B631-4CD4-863D-129312CE7DD7}.Release|Any CPU.ActiveCfg = Release|Any CPU
		{823C4767-B631-4CD4-863D-129312CE7DD7}.Release|Any CPU.Build.0 = Release|Any CPU
		{C592E9BD-8CAB-46FA-8681-632E34F0BB76}.Debug|Any CPU.ActiveCfg = Debug|Any CPU
		{C592E9BD-8CAB-46FA-8681-632E34F0BB76}.Debug|Any CPU.Build.0 = Debug|Any CPU
		{C592E9BD-8CAB-46FA-8681-632E34F0BB76}.Release|Any CPU.ActiveCfg = Release|Any CPU
		{C592E9BD-8CAB-46FA-8681-632E34F0BB76}.Release|Any CPU.Build.0 = Release|Any CPU
		{23349F98-0F4A-4696-9C17-298851B5690E}.Debug|Any CPU.ActiveCfg = Debug|Any CPU
		{23349F98-0F4A-4696-9C17-298851B5690E}.Debug|Any CPU.Build.0 = Debug|Any CPU
		{23349F98-0F4A-4696-9C17-298851B5690E}.Release|Any CPU.ActiveCfg = Release|Any CPU
		{23349F98-0F4A-4696-9C17-298851B5690E}.Release|Any CPU.Build.0 = Release|Any CPU
		{F9F58A04-E588-4749-B23E-34D0B5A1FB08}.Debug|Any CPU.ActiveCfg = Debug|Any CPU
		{F9F58A04-E588-4749-B23E-34D0B5A1FB08}.Debug|Any CPU.Build.0 = Debug|Any CPU
		{F9F58A04-E588-4749-B23E-34D0B5A1FB08}.Release|Any CPU.ActiveCfg = Release|Any CPU
		{F9F58A04-E588-4749-B23E-34D0B5A1FB08}.Release|Any CPU.Build.0 = Release|Any CPU
		{EA94C32D-D361-48E2-A7E7-656A618B3CB0}.Debug|Any CPU.ActiveCfg = Debug|Any CPU
		{EA94C32D-D361-48E2-A7E7-656A618B3CB0}.Debug|Any CPU.Build.0 = Debug|Any CPU
		{EA94C32D-D361-48E2-A7E7-656A618B3CB0}.Release|Any CPU.ActiveCfg = Release|Any CPU
		{EA94C32D-D361-48E2-A7E7-656A618B3CB0}.Release|Any CPU.Build.0 = Release|Any CPU
		{F5237B37-D2C3-4621-B21D-4E83D55E0AC6}.Debug|Any CPU.ActiveCfg = Debug|Any CPU
		{F5237B37-D2C3-4621-B21D-4E83D55E0AC6}.Debug|Any CPU.Build.0 = Debug|Any CPU
		{F5237B37-D2C3-4621-B21D-4E83D55E0AC6}.Release|Any CPU.ActiveCfg = Release|Any CPU
		{F5237B37-D2C3-4621-B21D-4E83D55E0AC6}.Release|Any CPU.Build.0 = Release|Any CPU
		{9FAA8846-221E-488E-8CB7-5924DFD151A6}.Debug|Any CPU.ActiveCfg = Debug|Any CPU
		{9FAA8846-221E-488E-8CB7-5924DFD151A6}.Debug|Any CPU.Build.0 = Debug|Any CPU
		{9FAA8846-221E-488E-8CB7-5924DFD151A6}.Release|Any CPU.ActiveCfg = Release|Any CPU
		{9FAA8846-221E-488E-8CB7-5924DFD151A6}.Release|Any CPU.Build.0 = Release|Any CPU
	EndGlobalSection
	GlobalSection(SolutionProperties) = preSolution
		HideSolutionNode = FALSE
	EndGlobalSection
EndGlobal
