
Microsoft Visual Studio Solution File, Format Version 12.00
# Visual Studio 15
VisualStudioVersion = 15.0.28307.168
MinimumVisualStudioVersion = 10.0.40219.1
Project("{FAE04EC0-301F-11D3-BF4B-00C04F79EFBC}") = "01_PermutationsWithoutRepetitions", "01_PermutationsWithoutRepetitions\01_PermutationsWithoutRepetitions.csproj", "{9C0FA6C6-CD18-4E20-8D4F-3801F1436D4F}"
EndProject
Project("{FAE04EC0-301F-11D3-BF4B-00C04F79EFBC}") = "02_PermutationsWithRepetitions", "02_PermutationsWithRepetitions\02_PermutationsWithRepetitions.csproj", "{90D5F48C-D648-4A5B-BAA1-832C7F70A4DC}"
EndProject
Project("{FAE04EC0-301F-11D3-BF4B-00C04F79EFBC}") = "03_VariationsWithoutRepetitions", "03_VariationsWithoutRepetitions\03_VariationsWithoutRepetitions.csproj", "{56B4424D-8CC0-42CC-B1BC-78D5B0E949F0}"
EndProject
Project("{FAE04EC0-301F-11D3-BF4B-00C04F79EFBC}") = "04_VariationsWithRepetition", "04_VariationsWithRepetition\04_VariationsWithRepetition.csproj", "{CAC61103-A8EC-468E-96F3-22FF1C6B52B2}"
EndProject
Project("{FAE04EC0-301F-11D3-BF4B-00C04F79EFBC}") = "05_CombinationsWithoutRepetition", "05_CombinationsWithoutRepetition\05_CombinationsWithoutRepetition.csproj", "{D188A061-03EE-4A23-BAFB-2907275C848C}"
EndProject
Project("{FAE04EC0-301F-11D3-BF4B-00C04F79EFBC}") = "06_CombinationsWithRepetition", "06_CombinationsWithRepetition\06_CombinationsWithRepetition.csproj", "{B6677F49-22B2-471F-9356-9D05D0F9A246}"
EndProject
Project("{FAE04EC0-301F-11D3-BF4B-00C04F79EFBC}") = "07_NChooseKCount", "07_NChooseKCount\07_NChooseKCount.csproj", "{408A0029-79C7-4B26-86D4-7197CF1BCADE}"
EndProject
Global
	GlobalSection(SolutionConfigurationPlatforms) = preSolution
		Debug|Any CPU = Debug|Any CPU
		Release|Any CPU = Release|Any CPU
	EndGlobalSection
	GlobalSection(ProjectConfigurationPlatforms) = postSolution
		{9C0FA6C6-CD18-4E20-8D4F-3801F1436D4F}.Debug|Any CPU.ActiveCfg = Debug|Any CPU
		{9C0FA6C6-CD18-4E20-8D4F-3801F1436D4F}.Debug|Any CPU.Build.0 = Debug|Any CPU
		{9C0FA6C6-CD18-4E20-8D4F-3801F1436D4F}.Release|Any CPU.ActiveCfg = Release|Any CPU
		{9C0FA6C6-CD18-4E20-8D4F-3801F1436D4F}.Release|Any CPU.Build.0 = Release|Any CPU
		{90D5F48C-D648-4A5B-BAA1-832C7F70A4DC}.Debug|Any CPU.ActiveCfg = Debug|Any CPU
		{90D5F48C-D648-4A5B-BAA1-832C7F70A4DC}.Debug|Any CPU.Build.0 = Debug|Any CPU
		{90D5F48C-D648-4A5B-BAA1-832C7F70A4DC}.Release|Any CPU.ActiveCfg = Release|Any CPU
		{90D5F48C-D648-4A5B-BAA1-832C7F70A4DC}.Release|Any CPU.Build.0 = Release|Any CPU
		{56B4424D-8CC0-42CC-B1BC-78D5B0E949F0}.Debug|Any CPU.ActiveCfg = Debug|Any CPU
		{56B4424D-8CC0-42CC-B1BC-78D5B0E949F0}.Debug|Any CPU.Build.0 = Debug|Any CPU
		{56B4424D-8CC0-42CC-B1BC-78D5B0E949F0}.Release|Any CPU.ActiveCfg = Release|Any CPU
		{56B4424D-8CC0-42CC-B1BC-78D5B0E949F0}.Release|Any CPU.Build.0 = Release|Any CPU
		{CAC61103-A8EC-468E-96F3-22FF1C6B52B2}.Debug|Any CPU.ActiveCfg = Debug|Any CPU
		{CAC61103-A8EC-468E-96F3-22FF1C6B52B2}.Debug|Any CPU.Build.0 = Debug|Any CPU
		{CAC61103-A8EC-468E-96F3-22FF1C6B52B2}.Release|Any CPU.ActiveCfg = Release|Any CPU
		{CAC61103-A8EC-468E-96F3-22FF1C6B52B2}.Release|Any CPU.Build.0 = Release|Any CPU
		{D188A061-03EE-4A23-BAFB-2907275C848C}.Debug|Any CPU.ActiveCfg = Debug|Any CPU
		{D188A061-03EE-4A23-BAFB-2907275C848C}.Debug|Any CPU.Build.0 = Debug|Any CPU
		{D188A061-03EE-4A23-BAFB-2907275C848C}.Release|Any CPU.ActiveCfg = Release|Any CPU
		{D188A061-03EE-4A23-BAFB-2907275C848C}.Release|Any CPU.Build.0 = Release|Any CPU
		{B6677F49-22B2-471F-9356-9D05D0F9A246}.Debug|Any CPU.ActiveCfg = Debug|Any CPU
		{B6677F49-22B2-471F-9356-9D05D0F9A246}.Debug|Any CPU.Build.0 = Debug|Any CPU
		{B6677F49-22B2-471F-9356-9D05D0F9A246}.Release|Any CPU.ActiveCfg = Release|Any CPU
		{B6677F49-22B2-471F-9356-9D05D0F9A246}.Release|Any CPU.Build.0 = Release|Any CPU
		{408A0029-79C7-4B26-86D4-7197CF1BCADE}.Debug|Any CPU.ActiveCfg = Debug|Any CPU
		{408A0029-79C7-4B26-86D4-7197CF1BCADE}.Debug|Any CPU.Build.0 = Debug|Any CPU
		{408A0029-79C7-4B26-86D4-7197CF1BCADE}.Release|Any CPU.ActiveCfg = Release|Any CPU
		{408A0029-79C7-4B26-86D4-7197CF1BCADE}.Release|Any CPU.Build.0 = Release|Any CPU
	EndGlobalSection
	GlobalSection(SolutionProperties) = preSolution
		HideSolutionNode = FALSE
	EndGlobalSection
	GlobalSection(ExtensibilityGlobals) = postSolution
		SolutionGuid = {DFF879E2-5E7E-4FC2-88C9-E7C934088023}
	EndGlobalSection
EndGlobal
