
Microsoft Visual Studio Solution File, Format Version 12.00
# Visual Studio 15
VisualStudioVersion = 15.0.28010.2041
MinimumVisualStudioVersion = 10.0.40219.1
Project("{FAE04EC0-301F-11D3-BF4B-00C04F79EFBC}") = "P01_StudentSystem", "P01_StudentSystem\P01_StudentSystem.csproj", "{F64B3329-6D73-4789-B757-5019B8835C36}"
EndProject
Project("{FAE04EC0-301F-11D3-BF4B-00C04F79EFBC}") = "_02_StudentSystemSeed", "_02_StudentSystemSeed\_02_StudentSystemSeed.csproj", "{9AC54570-D567-4A3A-B53A-21799B015AD5}"
EndProject
Project("{FAE04EC0-301F-11D3-BF4B-00C04F79EFBC}") = "P03_FootballBetting", "P03_FootballBetting\P03_FootballBetting.csproj", "{1D151100-CFED-4DB0-93C5-27961CC06630}"
EndProject
Global
	GlobalSection(SolutionConfigurationPlatforms) = preSolution
		Debug|Any CPU = Debug|Any CPU
		Release|Any CPU = Release|Any CPU
	EndGlobalSection
	GlobalSection(ProjectConfigurationPlatforms) = postSolution
		{F64B3329-6D73-4789-B757-5019B8835C36}.Debug|Any CPU.ActiveCfg = Debug|Any CPU
		{F64B3329-6D73-4789-B757-5019B8835C36}.Debug|Any CPU.Build.0 = Debug|Any CPU
		{F64B3329-6D73-4789-B757-5019B8835C36}.Release|Any CPU.ActiveCfg = Release|Any CPU
		{F64B3329-6D73-4789-B757-5019B8835C36}.Release|Any CPU.Build.0 = Release|Any CPU
		{9AC54570-D567-4A3A-B53A-21799B015AD5}.Debug|Any CPU.ActiveCfg = Debug|Any CPU
		{9AC54570-D567-4A3A-B53A-21799B015AD5}.Debug|Any CPU.Build.0 = Debug|Any CPU
		{9AC54570-D567-4A3A-B53A-21799B015AD5}.Release|Any CPU.ActiveCfg = Release|Any CPU
		{9AC54570-D567-4A3A-B53A-21799B015AD5}.Release|Any CPU.Build.0 = Release|Any CPU
		{1D151100-CFED-4DB0-93C5-27961CC06630}.Debug|Any CPU.ActiveCfg = Debug|Any CPU
		{1D151100-CFED-4DB0-93C5-27961CC06630}.Debug|Any CPU.Build.0 = Debug|Any CPU
		{1D151100-CFED-4DB0-93C5-27961CC06630}.Release|Any CPU.ActiveCfg = Release|Any CPU
		{1D151100-CFED-4DB0-93C5-27961CC06630}.Release|Any CPU.Build.0 = Release|Any CPU
	EndGlobalSection
	GlobalSection(SolutionProperties) = preSolution
		HideSolutionNode = FALSE
	EndGlobalSection
	GlobalSection(ExtensibilityGlobals) = postSolution
		SolutionGuid = {0FE80698-F029-4D64-8DFE-D6F8E1B65BB4}
	EndGlobalSection
EndGlobal
