
Microsoft Visual Studio Solution File, Format Version 12.00
# Visual Studio 15
VisualStudioVersion = 15.0.27004.2006
MinimumVisualStudioVersion = 10.0.40219.1
Project("{FAE04EC0-301F-11D3-BF4B-00C04F79EFBC}") = "01-BoxOfT", "01-BoxOfT\01-BoxOfT.csproj", "{0135F007-26BE-4E86-B5DA-E9E34496405A}"
EndProject
Project("{FAE04EC0-301F-11D3-BF4B-00C04F79EFBC}") = "02-GenericArrayCreator", "02-GenericArrayCreator\02-GenericArrayCreator.csproj", "{A104C77C-96FB-4E79-9303-F8FA17A853EB}"
EndProject
Project("{FAE04EC0-301F-11D3-BF4B-00C04F79EFBC}") = "03-GenericScale", "03-GenericScale\03-GenericScale.csproj", "{0ED44509-7BBF-48C4-ACBB-F6E5D2D57817}"
EndProject
Global
	GlobalSection(SolutionConfigurationPlatforms) = preSolution
		Debug|Any CPU = Debug|Any CPU
		Release|Any CPU = Release|Any CPU
	EndGlobalSection
	GlobalSection(ProjectConfigurationPlatforms) = postSolution
		{0135F007-26BE-4E86-B5DA-E9E34496405A}.Debug|Any CPU.ActiveCfg = Debug|Any CPU
		{0135F007-26BE-4E86-B5DA-E9E34496405A}.Debug|Any CPU.Build.0 = Debug|Any CPU
		{0135F007-26BE-4E86-B5DA-E9E34496405A}.Release|Any CPU.ActiveCfg = Release|Any CPU
		{0135F007-26BE-4E86-B5DA-E9E34496405A}.Release|Any CPU.Build.0 = Release|Any CPU
		{A104C77C-96FB-4E79-9303-F8FA17A853EB}.Debug|Any CPU.ActiveCfg = Debug|Any CPU
		{A104C77C-96FB-4E79-9303-F8FA17A853EB}.Debug|Any CPU.Build.0 = Debug|Any CPU
		{A104C77C-96FB-4E79-9303-F8FA17A853EB}.Release|Any CPU.ActiveCfg = Release|Any CPU
		{A104C77C-96FB-4E79-9303-F8FA17A853EB}.Release|Any CPU.Build.0 = Release|Any CPU
		{0ED44509-7BBF-48C4-ACBB-F6E5D2D57817}.Debug|Any CPU.ActiveCfg = Debug|Any CPU
		{0ED44509-7BBF-48C4-ACBB-F6E5D2D57817}.Debug|Any CPU.Build.0 = Debug|Any CPU
		{0ED44509-7BBF-48C4-ACBB-F6E5D2D57817}.Release|Any CPU.ActiveCfg = Release|Any CPU
		{0ED44509-7BBF-48C4-ACBB-F6E5D2D57817}.Release|Any CPU.Build.0 = Release|Any CPU
	EndGlobalSection
	GlobalSection(SolutionProperties) = preSolution
		HideSolutionNode = FALSE
	EndGlobalSection
	GlobalSection(ExtensibilityGlobals) = postSolution
		SolutionGuid = {BE74C109-FBED-4936-B91B-CAD3ABDA8B10}
	EndGlobalSection
EndGlobal
