
Microsoft Visual Studio Solution File, Format Version 12.00
# Visual Studio 15
VisualStudioVersion = 15.0.26430.6
MinimumVisualStudioVersion = 10.0.40219.1
Project("{9A19103F-16F7-4668-BE54-9A1E7A4F7556}") = "01-CountRealNumbers", "01-CountRealNums\01-CountRealNumbers.csproj", "{79C5D026-98A1-412F-88B8-76EBCAE7F83D}"
EndProject
Project("{FAE04EC0-301F-11D3-BF4B-00C04F79EFBC}") = "02-OddOccurrences", "02-OddOccurrences\02-OddOccurrences.csproj", "{A82A8E2B-5EF1-40F0-A21C-04327EF3B4E1}"
EndProject
Project("{FAE04EC0-301F-11D3-BF4B-00C04F79EFBC}") = "03-SumMinMaxAverage", "03-SumMinMaxAvera\03-SumMinMaxAverage.csproj", "{9976CB93-FA47-4A87-9591-9D0A57FB2ED5}"
EndProject
Project("{FAE04EC0-301F-11D3-BF4B-00C04F79EFBC}") = "04-Largest3Numbers", "04-Largest3Nums\04-Largest3Numbers.csproj", "{A4C44E94-D3F2-4BE1-B40D-1B24B8D76F21}"
EndProject
Project("{FAE04EC0-301F-11D3-BF4B-00C04F79EFBC}") = "05-ShortWordsSorted", "05-ShortWordsSort\05-ShortWordsSorted.csproj", "{F6EBE15C-381B-4EDE-A44A-B7E2CEB590D5}"
EndProject
Project("{FAE04EC0-301F-11D3-BF4B-00C04F79EFBC}") = "06-FoldAndSum", "06-FoldAndSum\06-FoldAndSum.csproj", "{FE690D6E-3FC7-49F2-8BB3-52DBF0183FC1}"
EndProject
Global
	GlobalSection(SolutionConfigurationPlatforms) = preSolution
		Debug|Any CPU = Debug|Any CPU
		Release|Any CPU = Release|Any CPU
	EndGlobalSection
	GlobalSection(ProjectConfigurationPlatforms) = postSolution
		{79C5D026-98A1-412F-88B8-76EBCAE7F83D}.Debug|Any CPU.ActiveCfg = Debug|Any CPU
		{79C5D026-98A1-412F-88B8-76EBCAE7F83D}.Debug|Any CPU.Build.0 = Debug|Any CPU
		{79C5D026-98A1-412F-88B8-76EBCAE7F83D}.Release|Any CPU.ActiveCfg = Release|Any CPU
		{79C5D026-98A1-412F-88B8-76EBCAE7F83D}.Release|Any CPU.Build.0 = Release|Any CPU
		{A82A8E2B-5EF1-40F0-A21C-04327EF3B4E1}.Debug|Any CPU.ActiveCfg = Debug|Any CPU
		{A82A8E2B-5EF1-40F0-A21C-04327EF3B4E1}.Debug|Any CPU.Build.0 = Debug|Any CPU
		{A82A8E2B-5EF1-40F0-A21C-04327EF3B4E1}.Release|Any CPU.ActiveCfg = Release|Any CPU
		{A82A8E2B-5EF1-40F0-A21C-04327EF3B4E1}.Release|Any CPU.Build.0 = Release|Any CPU
		{9976CB93-FA47-4A87-9591-9D0A57FB2ED5}.Debug|Any CPU.ActiveCfg = Debug|Any CPU
		{9976CB93-FA47-4A87-9591-9D0A57FB2ED5}.Debug|Any CPU.Build.0 = Debug|Any CPU
		{9976CB93-FA47-4A87-9591-9D0A57FB2ED5}.Release|Any CPU.ActiveCfg = Release|Any CPU
		{9976CB93-FA47-4A87-9591-9D0A57FB2ED5}.Release|Any CPU.Build.0 = Release|Any CPU
		{A4C44E94-D3F2-4BE1-B40D-1B24B8D76F21}.Debug|Any CPU.ActiveCfg = Debug|Any CPU
		{A4C44E94-D3F2-4BE1-B40D-1B24B8D76F21}.Debug|Any CPU.Build.0 = Debug|Any CPU
		{A4C44E94-D3F2-4BE1-B40D-1B24B8D76F21}.Release|Any CPU.ActiveCfg = Release|Any CPU
		{A4C44E94-D3F2-4BE1-B40D-1B24B8D76F21}.Release|Any CPU.Build.0 = Release|Any CPU
		{F6EBE15C-381B-4EDE-A44A-B7E2CEB590D5}.Debug|Any CPU.ActiveCfg = Debug|Any CPU
		{F6EBE15C-381B-4EDE-A44A-B7E2CEB590D5}.Debug|Any CPU.Build.0 = Debug|Any CPU
		{F6EBE15C-381B-4EDE-A44A-B7E2CEB590D5}.Release|Any CPU.ActiveCfg = Release|Any CPU
		{F6EBE15C-381B-4EDE-A44A-B7E2CEB590D5}.Release|Any CPU.Build.0 = Release|Any CPU
		{FE690D6E-3FC7-49F2-8BB3-52DBF0183FC1}.Debug|Any CPU.ActiveCfg = Debug|Any CPU
		{FE690D6E-3FC7-49F2-8BB3-52DBF0183FC1}.Debug|Any CPU.Build.0 = Debug|Any CPU
		{FE690D6E-3FC7-49F2-8BB3-52DBF0183FC1}.Release|Any CPU.ActiveCfg = Release|Any CPU
		{FE690D6E-3FC7-49F2-8BB3-52DBF0183FC1}.Release|Any CPU.Build.0 = Release|Any CPU
	EndGlobalSection
	GlobalSection(SolutionProperties) = preSolution
		HideSolutionNode = FALSE
	EndGlobalSection
EndGlobal
