
Microsoft Visual Studio Solution File, Format Version 12.00
# Visual Studio 15
VisualStudioVersion = 15.0.28307.168
MinimumVisualStudioVersion = 10.0.40219.1
Project("{FAE04EC0-301F-11D3-BF4B-00C04F79EFBC}") = "01_StarsInCube", "01_StarsInCube\01_StarsInCube.csproj", "{270DD932-CAE5-49E6-A379-BC2F2AAA289C}"
EndProject
Project("{FAE04EC0-301F-11D3-BF4B-00C04F79EFBC}") = "02_Guitar", "02_Guitar\02_Guitar.csproj", "{09D7482F-4AA4-4FB3-AAD3-9F3A1E4FF1B6}"
EndProject
Project("{FAE04EC0-301F-11D3-BF4B-00C04F79EFBC}") = "03_ShortestPath", "03_ShortestPath\03_ShortestPath.csproj", "{BC9994BA-A1D4-4FBC-8E60-F5B3753C1472}"
EndProject
Global
	GlobalSection(SolutionConfigurationPlatforms) = preSolution
		Debug|Any CPU = Debug|Any CPU
		Release|Any CPU = Release|Any CPU
	EndGlobalSection
	GlobalSection(ProjectConfigurationPlatforms) = postSolution
		{270DD932-CAE5-49E6-A379-BC2F2AAA289C}.Debug|Any CPU.ActiveCfg = Debug|Any CPU
		{270DD932-CAE5-49E6-A379-BC2F2AAA289C}.Debug|Any CPU.Build.0 = Debug|Any CPU
		{270DD932-CAE5-49E6-A379-BC2F2AAA289C}.Release|Any CPU.ActiveCfg = Release|Any CPU
		{270DD932-CAE5-49E6-A379-BC2F2AAA289C}.Release|Any CPU.Build.0 = Release|Any CPU
		{09D7482F-4AA4-4FB3-AAD3-9F3A1E4FF1B6}.Debug|Any CPU.ActiveCfg = Debug|Any CPU
		{09D7482F-4AA4-4FB3-AAD3-9F3A1E4FF1B6}.Debug|Any CPU.Build.0 = Debug|Any CPU
		{09D7482F-4AA4-4FB3-AAD3-9F3A1E4FF1B6}.Release|Any CPU.ActiveCfg = Release|Any CPU
		{09D7482F-4AA4-4FB3-AAD3-9F3A1E4FF1B6}.Release|Any CPU.Build.0 = Release|Any CPU
		{BC9994BA-A1D4-4FBC-8E60-F5B3753C1472}.Debug|Any CPU.ActiveCfg = Debug|Any CPU
		{BC9994BA-A1D4-4FBC-8E60-F5B3753C1472}.Debug|Any CPU.Build.0 = Debug|Any CPU
		{BC9994BA-A1D4-4FBC-8E60-F5B3753C1472}.Release|Any CPU.ActiveCfg = Release|Any CPU
		{BC9994BA-A1D4-4FBC-8E60-F5B3753C1472}.Release|Any CPU.Build.0 = Release|Any CPU
	EndGlobalSection
	GlobalSection(SolutionProperties) = preSolution
		HideSolutionNode = FALSE
	EndGlobalSection
	GlobalSection(ExtensibilityGlobals) = postSolution
		SolutionGuid = {77BFF2A2-23BD-4A40-87E2-8FEB1272DB92}
	EndGlobalSection
EndGlobal
