
Microsoft Visual Studio Solution File, Format Version 12.00
# Visual Studio 15
VisualStudioVersion = 15.0.28307.168
MinimumVisualStudioVersion = 10.0.40219.1
Project("{FAE04EC0-301F-11D3-BF4B-00C04F79EFBC}") = "ExamHelper", "ExamHelper\ExamHelper.csproj", "{BF78C5CD-7987-42DE-9DC6-71BC76DAFD5B}"
EndProject
Global
	GlobalSection(SolutionConfigurationPlatforms) = preSolution
		Debug|Any CPU = Debug|Any CPU
		Release|Any CPU = Release|Any CPU
	EndGlobalSection
	GlobalSection(ProjectConfigurationPlatforms) = postSolution
		{BF78C5CD-7987-42DE-9DC6-71BC76DAFD5B}.Debug|Any CPU.ActiveCfg = Debug|Any CPU
		{BF78C5CD-7987-42DE-9DC6-71BC76DAFD5B}.Debug|Any CPU.Build.0 = Debug|Any CPU
		{BF78C5CD-7987-42DE-9DC6-71BC76DAFD5B}.Release|Any CPU.ActiveCfg = Release|Any CPU
		{BF78C5CD-7987-42DE-9DC6-71BC76DAFD5B}.Release|Any CPU.Build.0 = Release|Any CPU
	EndGlobalSection
	GlobalSection(SolutionProperties) = preSolution
		HideSolutionNode = FALSE
	EndGlobalSection
	GlobalSection(ExtensibilityGlobals) = postSolution
		SolutionGuid = {7E75CC09-AD1D-43FD-B9E5-6317626B967B}
	EndGlobalSection
EndGlobal
