
Microsoft Visual Studio Solution File, Format Version 12.00
# Visual Studio 15
VisualStudioVersion = 15.0.27004.2006
MinimumVisualStudioVersion = 10.0.40219.1
Project("{FAE04EC0-301F-11D3-BF4B-00C04F79EFBC}") = "01-SingleInheritance", "01-SingleInheritance\01-SingleInheritance.csproj", "{6A67F86D-0677-4054-9B07-6D34FBA1046F}"
EndProject
Project("{FAE04EC0-301F-11D3-BF4B-00C04F79EFBC}") = "02-MultipleInheritance", "02-MultipleInheritance\02-MultipleInheritance.csproj", "{C77508B6-42F1-44F9-93AE-3CF79FC0FE5A}"
EndProject
Project("{FAE04EC0-301F-11D3-BF4B-00C04F79EFBC}") = "03-HierarchicalInheritance", "03-HierarchicalInheritance\03-HierarchicalInheritance.csproj", "{61CDA5F7-8E37-4BCB-ADA8-9C5B784C1CF8}"
EndProject
Project("{FAE04EC0-301F-11D3-BF4B-00C04F79EFBC}") = "04-RandomList", "04-RandomList\04-RandomList.csproj", "{654374BB-9A1D-429F-80D8-B762C337E1EF}"
EndProject
Project("{FAE04EC0-301F-11D3-BF4B-00C04F79EFBC}") = "05-StackOfStrings", "05-StackOfStrings\05-StackOfStrings.csproj", "{6FA98DFB-E54D-4A0A-86A5-52B67263F241}"
EndProject
Global
	GlobalSection(SolutionConfigurationPlatforms) = preSolution
		Debug|Any CPU = Debug|Any CPU
		Release|Any CPU = Release|Any CPU
	EndGlobalSection
	GlobalSection(ProjectConfigurationPlatforms) = postSolution
		{6A67F86D-0677-4054-9B07-6D34FBA1046F}.Debug|Any CPU.ActiveCfg = Debug|Any CPU
		{6A67F86D-0677-4054-9B07-6D34FBA1046F}.Debug|Any CPU.Build.0 = Debug|Any CPU
		{6A67F86D-0677-4054-9B07-6D34FBA1046F}.Release|Any CPU.ActiveCfg = Release|Any CPU
		{6A67F86D-0677-4054-9B07-6D34FBA1046F}.Release|Any CPU.Build.0 = Release|Any CPU
		{C77508B6-42F1-44F9-93AE-3CF79FC0FE5A}.Debug|Any CPU.ActiveCfg = Debug|Any CPU
		{C77508B6-42F1-44F9-93AE-3CF79FC0FE5A}.Debug|Any CPU.Build.0 = Debug|Any CPU
		{C77508B6-42F1-44F9-93AE-3CF79FC0FE5A}.Release|Any CPU.ActiveCfg = Release|Any CPU
		{C77508B6-42F1-44F9-93AE-3CF79FC0FE5A}.Release|Any CPU.Build.0 = Release|Any CPU
		{61CDA5F7-8E37-4BCB-ADA8-9C5B784C1CF8}.Debug|Any CPU.ActiveCfg = Debug|Any CPU
		{61CDA5F7-8E37-4BCB-ADA8-9C5B784C1CF8}.Debug|Any CPU.Build.0 = Debug|Any CPU
		{61CDA5F7-8E37-4BCB-ADA8-9C5B784C1CF8}.Release|Any CPU.ActiveCfg = Release|Any CPU
		{61CDA5F7-8E37-4BCB-ADA8-9C5B784C1CF8}.Release|Any CPU.Build.0 = Release|Any CPU
		{654374BB-9A1D-429F-80D8-B762C337E1EF}.Debug|Any CPU.ActiveCfg = Debug|Any CPU
		{654374BB-9A1D-429F-80D8-B762C337E1EF}.Debug|Any CPU.Build.0 = Debug|Any CPU
		{654374BB-9A1D-429F-80D8-B762C337E1EF}.Release|Any CPU.ActiveCfg = Release|Any CPU
		{654374BB-9A1D-429F-80D8-B762C337E1EF}.Release|Any CPU.Build.0 = Release|Any CPU
		{6FA98DFB-E54D-4A0A-86A5-52B67263F241}.Debug|Any CPU.ActiveCfg = Debug|Any CPU
		{6FA98DFB-E54D-4A0A-86A5-52B67263F241}.Debug|Any CPU.Build.0 = Debug|Any CPU
		{6FA98DFB-E54D-4A0A-86A5-52B67263F241}.Release|Any CPU.ActiveCfg = Release|Any CPU
		{6FA98DFB-E54D-4A0A-86A5-52B67263F241}.Release|Any CPU.Build.0 = Release|Any CPU
	EndGlobalSection
	GlobalSection(SolutionProperties) = preSolution
		HideSolutionNode = FALSE
	EndGlobalSection
	GlobalSection(ExtensibilityGlobals) = postSolution
		SolutionGuid = {A91BCE28-0487-4089-A8CE-12E2BF905A10}
	EndGlobalSection
EndGlobal
